
Microsoft Visual Studio Solution File, Format Version 12.00
# Visual Studio 14
VisualStudioVersion = 14.0.25420.1
MinimumVisualStudioVersion = 10.0.40219.1
Project("{FAE04EC0-301F-11D3-BF4B-00C04F79EFBC}") = "NimUtility", "Src\Utility\NimUtility.csproj", "{A9141F3E-B530-49EE-B959-16A49E1C98B1}"
EndProject
Project("{FAE04EC0-301F-11D3-BF4B-00C04F79EFBC}") = "NimCore", "Src\Core\NimCore.csproj", "{3F88DD96-1392-409A-89E8-475FC56E4647}"
	ProjectSection(ProjectDependencies) = postProject
		{A4FC140E-8C55-4E25-B7C3-9110DF69222B} = {A4FC140E-8C55-4E25-B7C3-9110DF69222B}
		{A9141F3E-B530-49EE-B959-16A49E1C98B1} = {A9141F3E-B530-49EE-B959-16A49E1C98B1}
		{C6E81245-E678-4608-B649-4EBD6244210A} = {C6E81245-E678-4608-B649-4EBD6244210A}
		{B211B7E3-96B2-453B-B9C0-1A98DC6794CE} = {B211B7E3-96B2-453B-B9C0-1A98DC6794CE}
	EndProjectSection
EndProject
Project("{FAE04EC0-301F-11D3-BF4B-00C04F79EFBC}") = "NimAudio", "Src\Audio\NimAudio.csproj", "{A4FC140E-8C55-4E25-B7C3-9110DF69222B}"
EndProject
Project("{FAE04EC0-301F-11D3-BF4B-00C04F79EFBC}") = "NimChatRoom", "Src\ChatRoom\NimChatRoom.csproj", "{C6E81245-E678-4608-B649-4EBD6244210A}"
EndProject
Project("{FAE04EC0-301F-11D3-BF4B-00C04F79EFBC}") = "NimHttp", "Src\Http\NimHttp.csproj", "{B211B7E3-96B2-453B-B9C0-1A98DC6794CE}"
EndProject
Global
	GlobalSection(SolutionConfigurationPlatforms) = preSolution
		Debug|Any CPU = Debug|Any CPU
		Debug|x86 = Debug|x86
		Release|Any CPU = Release|Any CPU
		Release|x86 = Release|x86
	EndGlobalSection
	GlobalSection(ProjectConfigurationPlatforms) = postSolution
		{A9141F3E-B530-49EE-B959-16A49E1C98B1}.Debug|Any CPU.ActiveCfg = Debug|Any CPU
		{A9141F3E-B530-49EE-B959-16A49E1C98B1}.Debug|Any CPU.Build.0 = Debug|Any CPU
		{A9141F3E-B530-49EE-B959-16A49E1C98B1}.Debug|x86.ActiveCfg = Debug|x86
		{A9141F3E-B530-49EE-B959-16A49E1C98B1}.Debug|x86.Build.0 = Debug|x86
		{A9141F3E-B530-49EE-B959-16A49E1C98B1}.Release|Any CPU.ActiveCfg = Release|Any CPU
		{A9141F3E-B530-49EE-B959-16A49E1C98B1}.Release|Any CPU.Build.0 = Release|Any CPU
		{A9141F3E-B530-49EE-B959-16A49E1C98B1}.Release|x86.ActiveCfg = Release|x86
		{A9141F3E-B530-49EE-B959-16A49E1C98B1}.Release|x86.Build.0 = Release|x86
		{3F88DD96-1392-409A-89E8-475FC56E4647}.Debug|Any CPU.ActiveCfg = Debug|Any CPU
		{3F88DD96-1392-409A-89E8-475FC56E4647}.Debug|Any CPU.Build.0 = Debug|Any CPU
		{3F88DD96-1392-409A-89E8-475FC56E4647}.Debug|x86.ActiveCfg = Debug|x86
		{3F88DD96-1392-409A-89E8-475FC56E4647}.Debug|x86.Build.0 = Debug|x86
		{3F88DD96-1392-409A-89E8-475FC56E4647}.Release|Any CPU.ActiveCfg = Release|Any CPU
		{3F88DD96-1392-409A-89E8-475FC56E4647}.Release|Any CPU.Build.0 = Release|Any CPU
		{3F88DD96-1392-409A-89E8-475FC56E4647}.Release|x86.ActiveCfg = Release|x86
		{3F88DD96-1392-409A-89E8-475FC56E4647}.Release|x86.Build.0 = Release|x86
		{A4FC140E-8C55-4E25-B7C3-9110DF69222B}.Debug|Any CPU.ActiveCfg = Debug|Any CPU
		{A4FC140E-8C55-4E25-B7C3-9110DF69222B}.Debug|Any CPU.Build.0 = Debug|Any CPU
		{A4FC140E-8C55-4E25-B7C3-9110DF69222B}.Debug|x86.ActiveCfg = Debug|x86
		{A4FC140E-8C55-4E25-B7C3-9110DF69222B}.Debug|x86.Build.0 = Debug|x86
		{A4FC140E-8C55-4E25-B7C3-9110DF69222B}.Release|Any CPU.ActiveCfg = Release|Any CPU
		{A4FC140E-8C55-4E25-B7C3-9110DF69222B}.Release|Any CPU.Build.0 = Release|Any CPU
		{A4FC140E-8C55-4E25-B7C3-9110DF69222B}.Release|x86.ActiveCfg = Release|x86
		{A4FC140E-8C55-4E25-B7C3-9110DF69222B}.Release|x86.Build.0 = Release|x86
		{C6E81245-E678-4608-B649-4EBD6244210A}.Debug|Any CPU.ActiveCfg = Debug|Any CPU
		{C6E81245-E678-4608-B649-4EBD6244210A}.Debug|Any CPU.Build.0 = Debug|Any CPU
		{C6E81245-E678-4608-B649-4EBD6244210A}.Debug|x86.ActiveCfg = Debug|x86
		{C6E81245-E678-4608-B649-4EBD6244210A}.Debug|x86.Build.0 = Debug|x86
		{C6E81245-E678-4608-B649-4EBD6244210A}.Release|Any CPU.ActiveCfg = Release|Any CPU
		{C6E81245-E678-4608-B649-4EBD6244210A}.Release|Any CPU.Build.0 = Release|Any CPU
		{C6E81245-E678-4608-B649-4EBD6244210A}.Release|x86.ActiveCfg = Release|x86
		{C6E81245-E678-4608-B649-4EBD6244210A}.Release|x86.Build.0 = Release|x86
		{B211B7E3-96B2-453B-B9C0-1A98DC6794CE}.Debug|Any CPU.ActiveCfg = Debug|Any CPU
		{B211B7E3-96B2-453B-B9C0-1A98DC6794CE}.Debug|Any CPU.Build.0 = Debug|Any CPU
		{B211B7E3-96B2-453B-B9C0-1A98DC6794CE}.Debug|x86.ActiveCfg = Debug|x86
		{B211B7E3-96B2-453B-B9C0-1A98DC6794CE}.Debug|x86.Build.0 = Debug|x86
		{B211B7E3-96B2-453B-B9C0-1A98DC6794CE}.Release|Any CPU.ActiveCfg = Release|Any CPU
		{B211B7E3-96B2-453B-B9C0-1A98DC6794CE}.Release|Any CPU.Build.0 = Release|Any CPU
		{B211B7E3-96B2-453B-B9C0-1A98DC6794CE}.Release|x86.ActiveCfg = Release|x86
		{B211B7E3-96B2-453B-B9C0-1A98DC6794CE}.Release|x86.Build.0 = Release|x86
	EndGlobalSection
	GlobalSection(SolutionProperties) = preSolution
		HideSolutionNode = FALSE
	EndGlobalSection
EndGlobal
